
Microsoft Visual Studio Solution File, Format Version 12.00
# Visual Studio Version 16
VisualStudioVersion = 16.0.30114.105
MinimumVisualStudioVersion = 10.0.40219.1
Project("{2150E333-8FDC-42A3-9474-1A3956D46DE8}") = "src", "src", "{4C80DE74-2C7E-43A4-95B0-04EA46C60644}"
EndProject
Project("{FAE04EC0-301F-11D3-BF4B-00C04F79EFBC}") = "Bicep.Parser", "src\Bicep.Parser\Bicep.Parser.csproj", "{B9F7BC53-12A3-4C78-8ED2-BE84875BE783}"
EndProject
Global
	GlobalSection(SolutionConfigurationPlatforms) = preSolution
		Debug|Any CPU = Debug|Any CPU
		Release|Any CPU = Release|Any CPU
	EndGlobalSection
	GlobalSection(SolutionProperties) = preSolution
		HideSolutionNode = FALSE
	EndGlobalSection
	GlobalSection(ProjectConfigurationPlatforms) = postSolution
		{B9F7BC53-12A3-4C78-8ED2-BE84875BE783}.Debug|Any CPU.ActiveCfg = Debug|Any CPU
		{B9F7BC53-12A3-4C78-8ED2-BE84875BE783}.Debug|Any CPU.Build.0 = Debug|Any CPU
		{B9F7BC53-12A3-4C78-8ED2-BE84875BE783}.Release|Any CPU.ActiveCfg = Release|Any CPU
		{B9F7BC53-12A3-4C78-8ED2-BE84875BE783}.Release|Any CPU.Build.0 = Release|Any CPU
	EndGlobalSection
	GlobalSection(NestedProjects) = preSolution
		{B9F7BC53-12A3-4C78-8ED2-BE84875BE783} = {4C80DE74-2C7E-43A4-95B0-04EA46C60644}
	EndGlobalSection
EndGlobal
